
Microsoft Visual Studio Solution File, Format Version 12.00
# Visual Studio 15
VisualStudioVersion = 15.0.27130.2036
MinimumVisualStudioVersion = 10.0.40219.1
Project("{FAE04EC0-301F-11D3-BF4B-00C04F79EFBC}") = "OnlineBanking.Web", "OnlineBanking.Web\OnlineBanking.Web.csproj", "{F8235AE6-AD14-406C-9ABE-DDA996EF2AAA}"
EndProject
Global
	GlobalSection(SolutionConfigurationPlatforms) = preSolution
		Debug|Any CPU = Debug|Any CPU
		Release|Any CPU = Release|Any CPU
	EndGlobalSection
	GlobalSection(ProjectConfigurationPlatforms) = postSolution
		{F8235AE6-AD14-406C-9ABE-DDA996EF2AAA}.Debug|Any CPU.ActiveCfg = Debug|Any CPU
		{F8235AE6-AD14-406C-9ABE-DDA996EF2AAA}.Debug|Any CPU.Build.0 = Debug|Any CPU
		{F8235AE6-AD14-406C-9ABE-DDA996EF2AAA}.Release|Any CPU.ActiveCfg = Release|Any CPU
		{F8235AE6-AD14-406C-9ABE-DDA996EF2AAA}.Release|Any CPU.Build.0 = Release|Any CPU
	EndGlobalSection
	GlobalSection(SolutionProperties) = preSolution
		HideSolutionNode = FALSE
	EndGlobalSection
	GlobalSection(ExtensibilityGlobals) = postSolution
		SolutionGuid = {5B9B0DA4-EB31-459B-A0CF-C25D4D8852BE}
	EndGlobalSection
EndGlobal
